
Microsoft Visual Studio Solution File, Format Version 12.00
# Visual Studio Version 17
VisualStudioVersion = 17.9.34701.34
MinimumVisualStudioVersion = 10.0.40219.1
Project("{FAE04EC0-301F-11D3-BF4B-00C04F79EFBC}") = "PruebaREST", "PruebaREST\PruebaREST.csproj", "{65D4DA29-77D4-4256-BCAB-17FA3433A2BB}"
EndProject
Global
	GlobalSection(SolutionConfigurationPlatforms) = preSolution
		Debug|Any CPU = Debug|Any CPU
		Release|Any CPU = Release|Any CPU
	EndGlobalSection
	GlobalSection(ProjectConfigurationPlatforms) = postSolution
		{65D4DA29-77D4-4256-BCAB-17FA3433A2BB}.Debug|Any CPU.ActiveCfg = Debug|Any CPU
		{65D4DA29-77D4-4256-BCAB-17FA3433A2BB}.Debug|Any CPU.Build.0 = Debug|Any CPU
		{65D4DA29-77D4-4256-BCAB-17FA3433A2BB}.Release|Any CPU.ActiveCfg = Release|Any CPU
		{65D4DA29-77D4-4256-BCAB-17FA3433A2BB}.Release|Any CPU.Build.0 = Release|Any CPU
	EndGlobalSection
	GlobalSection(SolutionProperties) = preSolution
		HideSolutionNode = FALSE
	EndGlobalSection
	GlobalSection(ExtensibilityGlobals) = postSolution
		SolutionGuid = {1E524897-402C-4471-9B7C-E88536CBCF84}
	EndGlobalSection
EndGlobal
